// !$*UTF8*$!
{
	archiveVersion = 1;
	classes = {
	};
	objectVersion = 55;
	objects = {

/* Begin PBXBuildFile section */
		8AACD6AC28BE7DD300B01393 /* AppDelegate.swift in Sources */ = {isa = PBXBuildFile; fileRef = 8AACD6AB28BE7DD300B01393 /* AppDelegate.swift */; };
		8AACD6AE28BE7DD300B01393 /* SceneDelegate.swift in Sources */ = {isa = PBXBuildFile; fileRef = 8AACD6AD28BE7DD300B01393 /* SceneDelegate.swift */; };
		8AACD6B028BE7DD300B01393 /* CategoryViewController.swift in Sources */ = {isa = PBXBuildFile; fileRef = 8AACD6AF28BE7DD300B01393 /* CategoryViewController.swift */; };
		8AACD6B328BE7DD300B01393 /* Main.storyboard in Resources */ = {isa = PBXBuildFile; fileRef = 8AACD6B128BE7DD300B01393 /* Main.storyboard */; };
		8AACD6B628BE7DD300B01393 /* Notey.xcdatamodeld in Sources */ = {isa = PBXBuildFile; fileRef = 8AACD6B428BE7DD300B01393 /* Notey.xcdatamodeld */; };
		8AACD6B828BE7DD300B01393 /* Assets.xcassets in Resources */ = {isa = PBXBuildFile; fileRef = 8AACD6B728BE7DD300B01393 /* Assets.xcassets */; };
		8AACD6BB28BE7DD300B01393 /* LaunchScreen.storyboard in Resources */ = {isa = PBXBuildFile; fileRef = 8AACD6B928BE7DD300B01393 /* LaunchScreen.storyboard */; };
		8AACD6C928BF86A500B01393 /* TextViewController.swift in Sources */ = {isa = PBXBuildFile; fileRef = 8AACD6C828BF86A500B01393 /* TextViewController.swift */; };
/* End PBXBuildFile section */

/* Begin PBXFileReference section */
		8AACD6A828BE7DD300B01393 /* Notey.app */ = {isa = PBXFileReference; explicitFileType = wrapper.application; includeInIndex = 0; path = Notey.app; sourceTree = BUILT_PRODUCTS_DIR; };
		8AACD6AB28BE7DD300B01393 /* AppDelegate.swift */ = {isa = PBXFileReference; lastKnownFileType = sourcecode.swift; path = AppDelegate.swift; sourceTree = "<group>"; };
		8AACD6AD28BE7DD300B01393 /* SceneDelegate.swift */ = {isa = PBXFileReference; lastKnownFileType = sourcecode.swift; path = SceneDelegate.swift; sourceTree = "<group>"; };
		8AACD6AF28BE7DD300B01393 /* CategoryViewController.swift */ = {isa = PBXFileReference; lastKnownFileType = sourcecode.swift; path = CategoryViewController.swift; sourceTree = "<group>"; };
		8AACD6B228BE7DD300B01393 /* Base */ = {isa = PBXFileReference; lastKnownFileType = file.storyboard; name = Base; path = Base.lproj/Main.storyboard; sourceTree = "<group>"; };
		8AACD6B528BE7DD300B01393 /* Notey.xcdatamodel */ = {isa = PBXFileReference; lastKnownFileType = wrapper.xcdatamodel; path = Notey.xcdatamodel; sourceTree = "<group>"; };
		8AACD6B728BE7DD300B01393 /* Assets.xcassets */ = {isa = PBXFileReference; lastKnownFileType = folder.assetcatalog; path = Assets.xcassets; sourceTree = "<group>"; };
		8AACD6BA28BE7DD300B01393 /* Base */ = {isa = PBXFileReference; lastKnownFileType = file.storyboard; name = Base; path = Base.lproj/LaunchScreen.storyboard; sourceTree = "<group>"; };
		8AACD6BC28BE7DD300B01393 /* Info.plist */ = {isa = PBXFileReference; lastKnownFileType = text.plist.xml; path = Info.plist; sourceTree = "<group>"; };
		8AACD6C828BF86A500B01393 /* TextViewController.swift */ = {isa = PBXFileReference; lastKnownFileType = sourcecode.swift; path = TextViewController.swift; sourceTree = "<group>"; };
/* End PBXFileReference section */

/* Begin PBXFrameworksBuildPhase section */
		8AACD6A528BE7DD300B01393 /* Frameworks */ = {
			isa = PBXFrameworksBuildPhase;
			buildActionMask = 2147483647;
			files = (
			);
			runOnlyForDeploymentPostprocessing = 0;
		};
/* End PBXFrameworksBuildPhase section */

/* Begin PBXGroup section */
		8AACD69F28BE7DD300B01393 = {
			isa = PBXGroup;
			children = (
				8AACD6AA28BE7DD300B01393 /* Notey */,
				8AACD6A928BE7DD300B01393 /* Products */,
			);
			sourceTree = "<group>";
		};
		8AACD6A928BE7DD300B01393 /* Products */ = {
			isa = PBXGroup;
			children = (
				8AACD6A828BE7DD300B01393 /* Notey.app */,
			);
			name = Products;
			sourceTree = "<group>";
		};
		8AACD6AA28BE7DD300B01393 /* Notey */ = {
			isa = PBXGroup;
			children = (
				8AACD6AB28BE7DD300B01393 /* AppDelegate.swift */,
				8AACD6AD28BE7DD300B01393 /* SceneDelegate.swift */,
				8AACD6C528BF84B300B01393 /* Model */,
				8AACD6C328BF849800B01393 /* View */,
				8AACD6C228BF848D00B01393 /* Controller */,
				8AACD6C428BF84A100B01393 /* Utils */,
				8AACD6BC28BE7DD300B01393 /* Info.plist */,
			);
			path = Notey;
			sourceTree = "<group>";
		};
		8AACD6C228BF848D00B01393 /* Controller */ = {
			isa = PBXGroup;
			children = (
				8AACD6AF28BE7DD300B01393 /* CategoryViewController.swift */,
				8AACD6C828BF86A500B01393 /* TextViewController.swift */,
			);
			path = Controller;
			sourceTree = "<group>";
		};
		8AACD6C328BF849800B01393 /* View */ = {
			isa = PBXGroup;
			children = (
				8AACD6B128BE7DD300B01393 /* Main.storyboard */,
			);
			path = View;
			sourceTree = "<group>";
		};
		8AACD6C428BF84A100B01393 /* Utils */ = {
			isa = PBXGroup;
			children = (
				8AACD6B728BE7DD300B01393 /* Assets.xcassets */,
				8AACD6B928BE7DD300B01393 /* LaunchScreen.storyboard */,
			);
			path = Utils;
			sourceTree = "<group>";
		};
		8AACD6C528BF84B300B01393 /* Model */ = {
			isa = PBXGroup;
			children = (
				8AACD6B428BE7DD300B01393 /* Notey.xcdatamodeld */,
			);
			path = Model;
			sourceTree = "<group>";
		};
/* End PBXGroup section */

/* Begin PBXNativeTarget section */
		8AACD6A728BE7DD300B01393 /* Notey */ = {
			isa = PBXNativeTarget;
			buildConfigurationList = 8AACD6BF28BE7DD300B01393 /* Build configuration list for PBXNativeTarget "Notey" */;
			buildPhases = (
				8AACD6A428BE7DD300B01393 /* Sources */,
				8AACD6A528BE7DD300B01393 /* Frameworks */,
				8AACD6A628BE7DD300B01393 /* Resources */,
			);
			buildRules = (
			);
			dependencies = (
			);
			name = Notey;
			productName = Notey;
			productReference = 8AACD6A828BE7DD300B01393 /* Notey.app */;
			productType = "com.apple.product-type.application";
		};
/* End PBXNativeTarget section */

/* Begin PBXProject section */
		8AACD6A028BE7DD300B01393 /* Project object */ = {
			isa = PBXProject;
			attributes = {
				BuildIndependentTargetsInParallel = 1;
				LastSwiftUpdateCheck = 1340;
				LastUpgradeCheck = 1340;
				TargetAttributes = {
					8AACD6A728BE7DD300B01393 = {
						CreatedOnToolsVersion = 13.4.1;
					};
				};
			};
			buildConfigurationList = 8AACD6A328BE7DD300B01393 /* Build configuration list for PBXProject "Notey" */;
			compatibilityVersion = "Xcode 13.0";
			developmentRegion = en;
			hasScannedForEncodings = 0;
			knownRegions = (
				en,
				Base,
			);
			mainGroup = 8AACD69F28BE7DD300B01393;
			productRefGroup = 8AACD6A928BE7DD300B01393 /* Products */;
			projectDirPath = "";
			projectRoot = "";
			targets = (
				8AACD6A728BE7DD300B01393 /* Notey */,
			);
		};
/* End PBXProject section */

/* Begin PBXResourcesBuildPhase section */
		8AACD6A628BE7DD300B01393 /* Resources */ = {
			isa = PBXResourcesBuildPhase;
			buildActionMask = 2147483647;
			files = (
				8AACD6BB28BE7DD300B01393 /* LaunchScreen.storyboard in Resources */,
				8AACD6B828BE7DD300B01393 /* Assets.xcassets in Resources */,
				8AACD6B328BE7DD300B01393 /* Main.storyboard in Resources */,
			);
			runOnlyForDeploymentPostprocessing = 0;
		};
/* End PBXResourcesBuildPhase section */

/* Begin PBXSourcesBuildPhase section */
		8AACD6A428BE7DD300B01393 /* Sources */ = {
			isa = PBXSourcesBuildPhase;
			buildActionMask = 2147483647;
			files = (
				8AACD6C928BF86A500B01393 /* TextViewController.swift in Sources */,
				8AACD6B028BE7DD300B01393 /* CategoryViewController.swift in Sources */,
				8AACD6B628BE7DD300B01393 /* Notey.xcdatamodeld in Sources */,
				8AACD6AC28BE7DD300B01393 /* AppDelegate.swift in Sources */,
				8AACD6AE28BE7DD300B01393 /* SceneDelegate.swift in Sources */,
			);
			runOnlyForDeploymentPostprocessing = 0;
		};
/* End PBXSourcesBuildPhase section */

/* Begin PBXVariantGroup section */
		8AACD6B128BE7DD300B01393 /* Main.storyboard */ = {
			isa = PBXVariantGroup;
			children = (
				8AACD6B228BE7DD300B01393 /* Base */,
			);
			name = Main.storyboard;
			sourceTree = "<group>";
		};
		8AACD6B928BE7DD300B01393 /* LaunchScreen.storyboard */ = {
			isa = PBXVariantGroup;
			children = (
				8AACD6BA28BE7DD300B01393 /* Base */,
			);
			name = LaunchScreen.storyboard;
			sourceTree = "<group>";
		};
/* End PBXVariantGroup section */

/* Begin XCBuildConfiguration section */
		8AACD6BD28BE7DD300B01393 /* Debug */ = {
			isa = XCBuildConfiguration;
			buildSettings = {
				ALWAYS_SEARCH_USER_PATHS = NO;
				CLANG_ANALYZER_NONNULL = YES;
				CLANG_ANALYZER_NUMBER_OBJECT_CONVERSION = YES_AGGRESSIVE;
				CLANG_CXX_LANGUAGE_STANDARD = "gnu++17";
				CLANG_ENABLE_MODULES = YES;
				CLANG_ENABLE_OBJC_ARC = YES;
				CLANG_ENABLE_OBJC_WEAK = YES;
				CLANG_WARN_BLOCK_CAPTURE_AUTORELEASING = YES;
				CLANG_WARN_BOOL_CONVERSION = YES;
				CLANG_WARN_COMMA = YES;
				CLANG_WARN_CONSTANT_CONVERSION = YES;
				CLANG_WARN_DEPRECATED_OBJC_IMPLEMENTATIONS = YES;
				CLANG_WARN_DIRECT_OBJC_ISA_USAGE = YES_ERROR;
				CLANG_WARN_DOCUMENTATION_COMMENTS = YES;
				CLANG_WARN_EMPTY_BODY = YES;
				CLANG_WARN_ENUM_CONVERSION = YES;
				CLANG_WARN_INFINITE_RECURSION = YES;
				CLANG_WARN_INT_CONVERSION = YES;
				CLANG_WARN_NON_LITERAL_NULL_CONVERSION = YES;
				CLANG_WARN_OBJC_IMPLICIT_RETAIN_SELF = YES;
				CLANG_WARN_OBJC_LITERAL_CONVERSION = YES;
				CLANG_WARN_OBJC_ROOT_CLASS = YES_ERROR;
				CLANG_WARN_QUOTED_INCLUDE_IN_FRAMEWORK_HEADER = YES;
				CLANG_WARN_RANGE_LOOP_ANALYSIS = YES;
				CLANG_WARN_STRICT_PROTOTYPES = YES;
				CLANG_WARN_SUSPICIOUS_MOVE = YES;
				CLANG_WARN_UNGUARDED_AVAILABILITY = YES_AGGRESSIVE;
				CLANG_WARN_UNREACHABLE_CODE = YES;
				CLANG_WARN__DUPLICATE_METHOD_MATCH = YES;
				COPY_PHASE_STRIP = NO;
				DEBUG_INFORMATION_FORMAT = dwarf;
				ENABLE_STRICT_OBJC_MSGSEND = YES;
				ENABLE_TESTABILITY = YES;
				GCC_C_LANGUAGE_STANDARD = gnu11;
				GCC_DYNAMIC_NO_PIC = NO;
				GCC_NO_COMMON_BLOCKS = YES;
				GCC_OPTIMIZATION_LEVEL = 0;
				GCC_PREPROCESSOR_DEFINITIONS = (
					"DEBUG=1",
					"$(inherited)",
				);
				GCC_WARN_64_TO_32_BIT_CONVERSION = YES;
				GCC_WARN_ABOUT_RETURN_TYPE = YES_ERROR;
				GCC_WARN_UNDECLARED_SELECTOR = YES;
				GCC_WARN_UNINITIALIZED_AUTOS = YES_AGGRESSIVE;
				GCC_WARN_UNUSED_FUNCTION = YES;
				GCC_WARN_UNUSED_VARIABLE = YES;
				IPHONEOS_DEPLOYMENT_TARGET = 15.5;
				MTL_ENABLE_DEBUG_INFO = INCLUDE_SOURCE;
				MTL_FAST_MATH = YES;
				ONLY_ACTIVE_ARCH = YES;
				SDKROOT = iphoneos;
				SWIFT_ACTIVE_COMPILATION_CONDITIONS = DEBUG;
				SWIFT_OPTIMIZATION_LEVEL = "-Onone";
			};
			name = Debug;
		};
		8AACD6BE28BE7DD300B01393 /* Release */ = {
			isa = XCBuildConfiguration;
			buildSettings = {
				ALWAYS_SEARCH_USER_PATHS = NO;
				CLANG_ANALYZER_NONNULL = YES;
				CLANG_ANALYZER_NUMBER_OBJECT_CONVERSION = YES_AGGRESSIVE;
				CLANG_CXX_LANGUAGE_STANDARD = "gnu++17";
				CLANG_ENABLE_MODULES = YES;
				CLANG_ENABLE_OBJC_ARC = YES;
				CLANG_ENABLE_OBJC_WEAK = YES;
				CLANG_WARN_BLOCK_CAPTURE_AUTORELEASING = YES;
				CLANG_WARN_BOOL_CONVERSION = YES;
				CLANG_WARN_COMMA = YES;
				CLANG_WARN_CONSTANT_CONVERSION = YES;
				CLANG_WARN_DEPRECATED_OBJC_IMPLEMENTATIONS = YES;
				CLANG_WARN_DIRECT_OBJC_ISA_USAGE = YES_ERROR;
				CLANG_WARN_DOCUMENTATION_COMMENTS = YES;
				CLANG_WARN_EMPTY_BODY = YES;
				CLANG_WARN_ENUM_CONVERSION = YES;
				CLANG_WARN_INFINITE_RECURSION = YES;
				CLANG_WARN_INT_CONVERSION = YES;
				CLANG_WARN_NON_LITERAL_NULL_CONVERSION = YES;
				CLANG_WARN_OBJC_IMPLICIT_RETAIN_SELF = YES;
				CLANG_WARN_OBJC_LITERAL_CONVERSION = YES;
				CLANG_WARN_OBJC_ROOT_CLASS = YES_ERROR;
				CLANG_WARN_QUOTED_INCLUDE_IN_FRAMEWORK_HEADER = YES;
				CLANG_WARN_RANGE_LOOP_ANALYSIS = YES;
				CLANG_WARN_STRICT_PROTOTYPES = YES;
				CLANG_WARN_SUSPICIOUS_MOVE = YES;
				CLANG_WARN_UNGUARDED_AVAILABILITY = YES_AGGRESSIVE;
				CLANG_WARN_UNREACHABLE_CODE = YES;
				CLANG_WARN__DUPLICATE_METHOD_MATCH = YES;
				COPY_PHASE_STRIP = NO;
				DEBUG_INFORMATION_FORMAT = "dwarf-with-dsym";
				ENABLE_NS_ASSERTIONS = NO;
				ENABLE_STRICT_OBJC_MSGSEND = YES;
				GCC_C_LANGUAGE_STANDARD = gnu11;
				GCC_NO_COMMON_BLOCKS = YES;
				GCC_WARN_64_TO_32_BIT_CONVERSION = YES;
				GCC_WARN_ABOUT_RETURN_TYPE = YES_ERROR;
				GCC_WARN_UNDECLARED_SELECTOR = YES;
				GCC_WARN_UNINITIALIZED_AUTOS = YES_AGGRESSIVE;
				GCC_WARN_UNUSED_FUNCTION = YES;
				GCC_WARN_UNUSED_VARIABLE = YES;
				IPHONEOS_DEPLOYMENT_TARGET = 15.5;
				MTL_ENABLE_DEBUG_INFO = NO;
				MTL_FAST_MATH = YES;
				SDKROOT = iphoneos;
				SWIFT_COMPILATION_MODE = wholemodule;
				SWIFT_OPTIMIZATION_LEVEL = "-O";
				VALIDATE_PRODUCT = YES;
			};
			name = Release;
		};
		8AACD6C028BE7DD300B01393 /* Debug */ = {
			isa = XCBuildConfiguration;
			buildSettings = {
				ASSETCATALOG_COMPILER_APPICON_NAME = AppIcon;
				ASSETCATALOG_COMPILER_GLOBAL_ACCENT_COLOR_NAME = AccentColor;
				CODE_SIGN_STYLE = Automatic;
				CURRENT_PROJECT_VERSION = 1;
				DEVELOPMENT_TEAM = P2J629LV45;
				GENERATE_INFOPLIST_FILE = YES;
				INFOPLIST_FILE = Notey/Info.plist;
				INFOPLIST_KEY_UIApplicationSupportsIndirectInputEvents = YES;
				INFOPLIST_KEY_UILaunchStoryboardName = LaunchScreen;
				INFOPLIST_KEY_UIMainStoryboardFile = Main;
				INFOPLIST_KEY_UISupportedInterfaceOrientations_iPad = "UIInterfaceOrientationPortrait UIInterfaceOrientationPortraitUpsideDown UIInterfaceOrientationLandscapeLeft UIInterfaceOrientationLandscapeRight";
				INFOPLIST_KEY_UISupportedInterfaceOrientations_iPhone = "UIInterfaceOrientationPortrait UIInterfaceOrientationLandscapeLeft UIInterfaceOrientationLandscapeRight";
				LD_RUNPATH_SEARCH_PATHS = (
					"$(inherited)",
					"@executable_path/Frameworks",
				);
				MARKETING_VERSION = 1.0;
				PRODUCT_BUNDLE_IDENTIFIER = com.iuryvasconcelos.Notey;
				PRODUCT_NAME = "$(TARGET_NAME)";
				SWIFT_EMIT_LOC_STRINGS = YES;
				SWIFT_VERSION = 5.0;
				TARGETED_DEVICE_FAMILY = "1,2";
			};
			name = Debug;
		};
		8AACD6C128BE7DD300B01393 /* Release */ = {
			isa = XCBuildConfiguration;
			buildSettings = {
				ASSETCATALOG_COMPILER_APPICON_NAME = AppIcon;
				ASSETCATALOG_COMPILER_GLOBAL_ACCENT_COLOR_NAME = AccentColor;
				CODE_SIGN_STYLE = Automatic;
				CURRENT_PROJECT_VERSION = 1;
				DEVELOPMENT_TEAM = P2J629LV45;
				GENERATE_INFOPLIST_FILE = YES;
				INFOPLIST_FILE = Notey/Info.plist;
				INFOPLIST_KEY_UIApplicationSupportsIndirectInputEvents = YES;
				INFOPLIST_KEY_UILaunchStoryboardName = LaunchScreen;
				INFOPLIST_KEY_UIMainStoryboardFile = Main;
				INFOPLIST_KEY_UISupportedInterfaceOrientations_iPad = "UIInterfaceOrientationPortrait UIInterfaceOrientationPortraitUpsideDown UIInterfaceOrientationLandscapeLeft UIInterfaceOrientationLandscapeRight";
				INFOPLIST_KEY_UISupportedInterfaceOrientations_iPhone = "UIInterfaceOrientationPortrait UIInterfaceOrientationLandscapeLeft UIInterfaceOrientationLandscapeRight";
				LD_RUNPATH_SEARCH_PATHS = (
					"$(inherited)",
					"@executable_path/Frameworks",
				);
				MARKETING_VERSION = 1.0;
				PRODUCT_BUNDLE_IDENTIFIER = com.iuryvasconcelos.Notey;
				PRODUCT_NAME = "$(TARGET_NAME)";
				SWIFT_EMIT_LOC_STRINGS = YES;
				SWIFT_VERSION = 5.0;
				TARGETED_DEVICE_FAMILY = "1,2";
			};
			name = Release;
		};
/* End XCBuildConfiguration section */

/* Begin XCConfigurationList section */
		8AACD6A328BE7DD300B01393 /* Build configuration list for PBXProject "Notey" */ = {
			isa = XCConfigurationList;
			buildConfigurations = (
				8AACD6BD28BE7DD300B01393 /* Debug */,
				8AACD6BE28BE7DD300B01393 /* Release */,
			);
			defaultConfigurationIsVisible = 0;
			defaultConfigurationName = Release;
		};
		8AACD6BF28BE7DD300B01393 /* Build configuration list for PBXNativeTarget "Notey" */ = {
			isa = XCConfigurationList;
			buildConfigurations = (
				8AACD6C028BE7DD300B01393 /* Debug */,
				8AACD6C128BE7DD300B01393 /* Release */,
			);
			defaultConfigurationIsVisible = 0;
			defaultConfigurationName = Release;
		};
/* End XCConfigurationList section */

/* Begin XCVersionGroup section */
		8AACD6B428BE7DD300B01393 /* Notey.xcdatamodeld */ = {
			isa = XCVersionGroup;
			children = (
				8AACD6B528BE7DD300B01393 /* Notey.xcdatamodel */,
			);
			currentVersion = 8AACD6B528BE7DD300B01393 /* Notey.xcdatamodel */;
			path = Notey.xcdatamodeld;
			sourceTree = "<group>";
			versionGroupType = wrapper.xcdatamodel;
		};
/* End XCVersionGroup section */
	};
	rootObject = 8AACD6A028BE7DD300B01393 /* Project object */;
}
